
Microsoft Visual Studio Solution File, Format Version 12.00
# Visual Studio Version 17
VisualStudioVersion = 17.7.34024.191
MinimumVisualStudioVersion = 10.0.40219.1
Project("{FAE04EC0-301F-11D3-BF4B-00C04F79EFBC}") = "xadrez-console", "xadrez-console\xadrez-console.csproj", "{9F505F6E-9981-4D7F-B25D-D04F1B940759}"
EndProject
Global
	GlobalSection(SolutionConfigurationPlatforms) = preSolution
		Debug|Any CPU = Debug|Any CPU
		Release|Any CPU = Release|Any CPU
	EndGlobalSection
	GlobalSection(ProjectConfigurationPlatforms) = postSolution
		{9F505F6E-9981-4D7F-B25D-D04F1B940759}.Debug|Any CPU.ActiveCfg = Debug|Any CPU
		{9F505F6E-9981-4D7F-B25D-D04F1B940759}.Debug|Any CPU.Build.0 = Debug|Any CPU
		{9F505F6E-9981-4D7F-B25D-D04F1B940759}.Release|Any CPU.ActiveCfg = Release|Any CPU
		{9F505F6E-9981-4D7F-B25D-D04F1B940759}.Release|Any CPU.Build.0 = Release|Any CPU
	EndGlobalSection
	GlobalSection(SolutionProperties) = preSolution
		HideSolutionNode = FALSE
	EndGlobalSection
	GlobalSection(ExtensibilityGlobals) = postSolution
		SolutionGuid = {8EAD0C04-7EA2-4EA9-9AA8-2375D23F8BAD}
	EndGlobalSection
EndGlobal
